{
  "version": 4,
  "terraform_version": "1.2.7",
  "serial": 3,
  "lineage": "2787eeef-c0ca-6297-18b5-a9eca16a1ffe",
  "outputs": {},
  "resources": [
    {
      "mode": "managed",
      "type": "google_app_engine_application",
      "name": "app",
      "provider": "provider[\"registry.terraform.io/hashicorp/google\"]",
      "instances": [
        {
          "schema_version": 0,
          "attributes": {
            "app_id": "disco-ivy-394019",
            "auth_domain": "gmail.com",
            "code_bucket": "staging.disco-ivy-394019.appspot.com",
            "database_type": "CLOUD_DATASTORE_COMPATIBILITY",
            "default_bucket": "disco-ivy-394019.appspot.com",
            "default_hostname": "disco-ivy-394019.uc.r.appspot.com",
            "feature_settings": [
              {
                "split_health_checks": true
              }
            ],
            "gcr_domain": "us.gcr.io",
            "iap": [],
            "id": "disco-ivy-394019",
            "location_id": "us-central",
            "name": "apps/disco-ivy-394019",
            "project": "disco-ivy-394019",
            "serving_status": "SERVING",
            "timeouts": null,
            "url_dispatch_rule": []
          },
          "sensitive_attributes": [],
          "private": "eyJlMmJmYjczMC1lY2FhLTExZTYtOGY4OC0zNDM2M2JjN2M0YzAiOnsiY3JlYXRlIjoyNDAwMDAwMDAwMDAsInVwZGF0ZSI6MjQwMDAwMDAwMDAwfX0="
        }
      ]
    }
  ]
}
